{
  "name": "@object-data-mapper/immutable",
  "version": "0.1.0",
  "lockfileVersion": 1,
  "requires": true,
  "dependencies": {
    "@object-data-mapper/core": {
      "version": "0.1.0",
      "resolved": "https://registry.npmjs.org/@object-data-mapper/core/-/core-0.1.0.tgz",
      "integrity": "sha512-3Nue2UlwT5hMk0aO2QIhzQenOmRyIp18bg9F8gRdpXRaq3BUSI31p2n/hPanpw5NQV41yUhGBtwj6oms0egY3w==",
      "requires": {
        "typescript": "^4.2.3"
      }
    },
    "immutable": {
      "version": "4.1.0",
      "resolved": "https://registry.npmjs.org/immutable/-/immutable-4.1.0.tgz",
      "integrity": "sha512-oNkuqVTA8jqG1Q6c+UglTOD1xhC1BtjKI7XkCXRkZHrN5m18/XsnUp8Q89GkQO/z+0WjonSvl0FLhDYftp46nQ=="
    },
    "typescript": {
      "version": "4.2.3",
      "resolved": "https://registry.npmjs.org/typescript/-/typescript-4.2.3.tgz",
      "integrity": "sha512-qOcYwxaByStAWrBf4x0fibwZvMRG+r4cQoTjbPtUlrWjBHbmCAww1i448U0GJ+3cNNEtebDteo/cHOR3xJ4wEw=="
    }
  }
}
